
Microsoft Visual Studio Solution File, Format Version 12.00
# Visual Studio Version 18
VisualStudioVersion = 18.1.11304.174
MinimumVisualStudioVersion = 10.0.40219.1
Project("{FAE04EC0-301F-11D3-BF4B-00C04F79EFBC}") = "Rira.GRPCS", "Rira.GRPCS\Rira.GRPCS.csproj", "{46E5FC74-26EB-4656-8DA0-008E2A454FBB}"
EndProject
Project("{2150E333-8FDC-42A3-9474-1A3956D46DE8}") = "src", "src", "{388F7AAA-9023-4AA9-AB82-ED1B8CA61B71}"
EndProject
Project("{2150E333-8FDC-42A3-9474-1A3956D46DE8}") = "Rira.Core", "Rira.Core", "{75724BBF-D6ED-44DE-A87A-C2FF69D7082D}"
EndProject
Project("{2150E333-8FDC-42A3-9474-1A3956D46DE8}") = "Rira.Utility", "Rira.Utility", "{A8A9CA91-EB62-404D-B5B5-3CFD7A9CA456}"
EndProject
Project("{2150E333-8FDC-42A3-9474-1A3956D46DE8}") = "Rira.Endpoint", "Rira.Endpoint", "{0CF54460-6762-4979-AA8E-EFAE75B5971C}"
EndProject
Project("{2150E333-8FDC-42A3-9474-1A3956D46DE8}") = "Rira.Infrastructure", "Rira.Infrastructure", "{A405EA87-5C2F-449F-9F1A-00277547B1DF}"
EndProject
Project("{FAE04EC0-301F-11D3-BF4B-00C04F79EFBC}") = "Rira.Core.Domian", "Rira.Core.Domian\Rira.Core.Domian.csproj", "{76FC80FA-C77F-4045-B17C-83D6174FCB88}"
EndProject
Project("{FAE04EC0-301F-11D3-BF4B-00C04F79EFBC}") = "Rira.Infrastructure.Entityframework", "Rira.Infrastructure.Entityframework\Rira.Infrastructure.Entityframework.csproj", "{22E9C571-F390-4FA2-B5C0-4CE4E4942C3C}"
EndProject
Project("{FAE04EC0-301F-11D3-BF4B-00C04F79EFBC}") = "Rira.Utility.Framework", "Rira.Utility.Framework\Rira.Utility.Framework.csproj", "{848673D0-60DC-4FE7-9C2B-DD1F81FFB607}"
EndProject
Project("{2150E333-8FDC-42A3-9474-1A3956D46DE8}") = "Rira.Application", "Rira.Application", "{8DB11F3B-CCE7-4019-A417-F06DEF1152CE}"
EndProject
Project("{FAE04EC0-301F-11D3-BF4B-00C04F79EFBC}") = "Rira.Application.DTO", "Rira.Application.DTO\Rira.Application.DTO.csproj", "{4EF7A521-3CB3-4BF6-AB6B-B1B9D2EB585C}"
EndProject
Project("{FAE04EC0-301F-11D3-BF4B-00C04F79EFBC}") = "Rira.Application.Handler", "Rira.Application.Handler\Rira.Application.Handler.csproj", "{FF82B115-A602-4E47-8C33-45DA9A459E63}"
EndProject
Project("{FAE04EC0-301F-11D3-BF4B-00C04F79EFBC}") = "Rira.Infrastructure.Config", "Rira.Infrastructure.Config\Rira.Infrastructure.Config.csproj", "{286297D4-D9D2-452F-B949-DE2032ADC306}"
EndProject
Project("{2150E333-8FDC-42A3-9474-1A3956D46DE8}") = "test", "test", "{E5DE372E-C935-4F49-911B-17A7B06CCB2C}"
EndProject
Project("{FAE04EC0-301F-11D3-BF4B-00C04F79EFBC}") = "UserGrpcServiceTest", "UserGrpcServiceTest\UserGrpcServiceTest.csproj", "{28AA99F7-5A65-46A4-8AE5-FABAC117D1E9}"
EndProject
Global
	GlobalSection(SolutionConfigurationPlatforms) = preSolution
		Debug|Any CPU = Debug|Any CPU
		Release|Any CPU = Release|Any CPU
	EndGlobalSection
	GlobalSection(ProjectConfigurationPlatforms) = postSolution
		{46E5FC74-26EB-4656-8DA0-008E2A454FBB}.Debug|Any CPU.ActiveCfg = Debug|Any CPU
		{46E5FC74-26EB-4656-8DA0-008E2A454FBB}.Debug|Any CPU.Build.0 = Debug|Any CPU
		{46E5FC74-26EB-4656-8DA0-008E2A454FBB}.Release|Any CPU.ActiveCfg = Release|Any CPU
		{46E5FC74-26EB-4656-8DA0-008E2A454FBB}.Release|Any CPU.Build.0 = Release|Any CPU
		{76FC80FA-C77F-4045-B17C-83D6174FCB88}.Debug|Any CPU.ActiveCfg = Debug|Any CPU
		{76FC80FA-C77F-4045-B17C-83D6174FCB88}.Debug|Any CPU.Build.0 = Debug|Any CPU
		{76FC80FA-C77F-4045-B17C-83D6174FCB88}.Release|Any CPU.ActiveCfg = Release|Any CPU
		{76FC80FA-C77F-4045-B17C-83D6174FCB88}.Release|Any CPU.Build.0 = Release|Any CPU
		{22E9C571-F390-4FA2-B5C0-4CE4E4942C3C}.Debug|Any CPU.ActiveCfg = Debug|Any CPU
		{22E9C571-F390-4FA2-B5C0-4CE4E4942C3C}.Debug|Any CPU.Build.0 = Debug|Any CPU
		{22E9C571-F390-4FA2-B5C0-4CE4E4942C3C}.Release|Any CPU.ActiveCfg = Release|Any CPU
		{22E9C571-F390-4FA2-B5C0-4CE4E4942C3C}.Release|Any CPU.Build.0 = Release|Any CPU
		{848673D0-60DC-4FE7-9C2B-DD1F81FFB607}.Debug|Any CPU.ActiveCfg = Debug|Any CPU
		{848673D0-60DC-4FE7-9C2B-DD1F81FFB607}.Debug|Any CPU.Build.0 = Debug|Any CPU
		{848673D0-60DC-4FE7-9C2B-DD1F81FFB607}.Release|Any CPU.ActiveCfg = Release|Any CPU
		{848673D0-60DC-4FE7-9C2B-DD1F81FFB607}.Release|Any CPU.Build.0 = Release|Any CPU
		{4EF7A521-3CB3-4BF6-AB6B-B1B9D2EB585C}.Debug|Any CPU.ActiveCfg = Debug|Any CPU
		{4EF7A521-3CB3-4BF6-AB6B-B1B9D2EB585C}.Debug|Any CPU.Build.0 = Debug|Any CPU
		{4EF7A521-3CB3-4BF6-AB6B-B1B9D2EB585C}.Release|Any CPU.ActiveCfg = Release|Any CPU
		{4EF7A521-3CB3-4BF6-AB6B-B1B9D2EB585C}.Release|Any CPU.Build.0 = Release|Any CPU
		{FF82B115-A602-4E47-8C33-45DA9A459E63}.Debug|Any CPU.ActiveCfg = Debug|Any CPU
		{FF82B115-A602-4E47-8C33-45DA9A459E63}.Debug|Any CPU.Build.0 = Debug|Any CPU
		{FF82B115-A602-4E47-8C33-45DA9A459E63}.Release|Any CPU.ActiveCfg = Release|Any CPU
		{FF82B115-A602-4E47-8C33-45DA9A459E63}.Release|Any CPU.Build.0 = Release|Any CPU
		{286297D4-D9D2-452F-B949-DE2032ADC306}.Debug|Any CPU.ActiveCfg = Debug|Any CPU
		{286297D4-D9D2-452F-B949-DE2032ADC306}.Debug|Any CPU.Build.0 = Debug|Any CPU
		{286297D4-D9D2-452F-B949-DE2032ADC306}.Release|Any CPU.ActiveCfg = Release|Any CPU
		{286297D4-D9D2-452F-B949-DE2032ADC306}.Release|Any CPU.Build.0 = Release|Any CPU
		{28AA99F7-5A65-46A4-8AE5-FABAC117D1E9}.Debug|Any CPU.ActiveCfg = Debug|Any CPU
		{28AA99F7-5A65-46A4-8AE5-FABAC117D1E9}.Debug|Any CPU.Build.0 = Debug|Any CPU
		{28AA99F7-5A65-46A4-8AE5-FABAC117D1E9}.Release|Any CPU.ActiveCfg = Release|Any CPU
		{28AA99F7-5A65-46A4-8AE5-FABAC117D1E9}.Release|Any CPU.Build.0 = Release|Any CPU
	EndGlobalSection
	GlobalSection(SolutionProperties) = preSolution
		HideSolutionNode = FALSE
	EndGlobalSection
	GlobalSection(NestedProjects) = preSolution
		{46E5FC74-26EB-4656-8DA0-008E2A454FBB} = {0CF54460-6762-4979-AA8E-EFAE75B5971C}
		{75724BBF-D6ED-44DE-A87A-C2FF69D7082D} = {388F7AAA-9023-4AA9-AB82-ED1B8CA61B71}
		{A8A9CA91-EB62-404D-B5B5-3CFD7A9CA456} = {388F7AAA-9023-4AA9-AB82-ED1B8CA61B71}
		{0CF54460-6762-4979-AA8E-EFAE75B5971C} = {388F7AAA-9023-4AA9-AB82-ED1B8CA61B71}
		{A405EA87-5C2F-449F-9F1A-00277547B1DF} = {388F7AAA-9023-4AA9-AB82-ED1B8CA61B71}
		{76FC80FA-C77F-4045-B17C-83D6174FCB88} = {75724BBF-D6ED-44DE-A87A-C2FF69D7082D}
		{22E9C571-F390-4FA2-B5C0-4CE4E4942C3C} = {A405EA87-5C2F-449F-9F1A-00277547B1DF}
		{848673D0-60DC-4FE7-9C2B-DD1F81FFB607} = {A8A9CA91-EB62-404D-B5B5-3CFD7A9CA456}
		{8DB11F3B-CCE7-4019-A417-F06DEF1152CE} = {388F7AAA-9023-4AA9-AB82-ED1B8CA61B71}
		{4EF7A521-3CB3-4BF6-AB6B-B1B9D2EB585C} = {8DB11F3B-CCE7-4019-A417-F06DEF1152CE}
		{FF82B115-A602-4E47-8C33-45DA9A459E63} = {8DB11F3B-CCE7-4019-A417-F06DEF1152CE}
		{286297D4-D9D2-452F-B949-DE2032ADC306} = {A405EA87-5C2F-449F-9F1A-00277547B1DF}
		{28AA99F7-5A65-46A4-8AE5-FABAC117D1E9} = {E5DE372E-C935-4F49-911B-17A7B06CCB2C}
	EndGlobalSection
	GlobalSection(ExtensibilityGlobals) = postSolution
		SolutionGuid = {434D72E7-B10A-4A80-AC0A-248F6FBC4114}
	EndGlobalSection
EndGlobal
